PODS:
  - AddThen (1.0.3)
  - Realm (5.5.1):
    - Realm/Headers (= 5.5.1)
  - Realm/Headers (5.5.1)
  - RealmSwift (5.5.1):
    - Realm (= 5.5.1)
  - SnapKit (5.6.0)
  - Then (3.0.0)
  - Toast-Swift (5.0.1)

DEPENDENCIES:
  - AddThen
  - RealmSwift (~> 5.0)
  - SnapKit (~> 5.6.0)
  - Then
  - Toast-Swift

SPEC REPOS:
  trunk:
    - AddThen
    - Realm
    - RealmSwift
    - SnapKit
    - Then
    - Toast-Swift

SPEC CHECKSUMS:
  AddThen: aeab6c1cb34bef9667d593be3f67a2dd0e7f0a2b
  Realm: c2ffe0667f9c98c9ba65f608ba85684d39826145
  RealmSwift: 5a35c1c35c3e1925e6fcd092c881d5cc4a826bff
  SnapKit: e01d52ebb8ddbc333eefe2132acf85c8227d9c25
  Then: 844265ae87834bbe1147d91d5d41a404da2ec27d
  Toast-Swift: 9b6a70f28b3bf0b96c40d46c0c4b9d6639846711

PODFILE CHECKSUM: 5388d891a88c610c1dd1566e6ee5ea8708215149

COCOAPODS: 1.11.3
