// !$*UTF8*$!
{
	archiveVersion = 1;
	classes = {
	};
	objectVersion = 51;
	objects = {

/* Begin PBXBuildFile section */
		22F65E742845D08D00646FCD /* Group+Helper.swift in Sources */ = {isa = PBXBuildFile; fileRef = 22F65E732845D08D00646FCD /* Group+Helper.swift */; };
		22F65E782845D0AB00646FCD /* Person+Helper.swift in Sources */ = {isa = PBXBuildFile; fileRef = 22F65E772845D0AB00646FCD /* Person+Helper.swift */; };
		5833A01F4BB1956F1EF0970C /* Pods_Calie.framework in Frameworks */ = {isa = PBXBuildFile; fileRef = 5931D4062B3225906FE3C994 /* Pods_Calie.framework */; };
		9A07FF3F280DC9C2007110D8 /* DutchpayController.swift in Sources */ = {isa = PBXBuildFile; fileRef = 9A07FF3E280DC9C2007110D8 /* DutchpayController.swift */; };
		9A083FA624CCD55D001057D2 /* AppDelegate.swift in Sources */ = {isa = PBXBuildFile; fileRef = 9A083FA524CCD55D001057D2 /* AppDelegate.swift */; };
		9A083FA824CCD55D001057D2 /* SceneDelegate.swift in Sources */ = {isa = PBXBuildFile; fileRef = 9A083FA724CCD55D001057D2 /* SceneDelegate.swift */; };
		9A083FB224CCD55E001057D2 /* Assets.xcassets in Resources */ = {isa = PBXBuildFile; fileRef = 9A083FB124CCD55E001057D2 /* Assets.xcassets */; };
		9A083FB524CCD55E001057D2 /* LaunchScreen.storyboard in Resources */ = {isa = PBXBuildFile; fileRef = 9A083FB324CCD55E001057D2 /* LaunchScreen.storyboard */; };
		9A083FD924CCDBDE001057D2 /* BaseViewController.swift in Sources */ = {isa = PBXBuildFile; fileRef = 9A083FD824CCDBDE001057D2 /* BaseViewController.swift */; };
		9A083FDB24CCDC22001057D2 /* HistoryRecordVC.swift in Sources */ = {isa = PBXBuildFile; fileRef = 9A083FDA24CCDC22001057D2 /* HistoryRecordVC.swift */; };
		9A083FDD24CCDC3B001057D2 /* HistoryRecordCell.swift in Sources */ = {isa = PBXBuildFile; fileRef = 9A083FDC24CCDC3B001057D2 /* HistoryRecordCell.swift */; };
		9A083FDF24CCDC66001057D2 /* RealmService.swift in Sources */ = {isa = PBXBuildFile; fileRef = 9A083FDE24CCDC66001057D2 /* RealmService.swift */; };
		9A083FE124CCDC72001057D2 /* LocalizedStringStorage.swift in Sources */ = {isa = PBXBuildFile; fileRef = 9A083FE024CCDC72001057D2 /* LocalizedStringStorage.swift */; };
		9A083FE324CCDC7B001057D2 /* HistoryRecord.swift in Sources */ = {isa = PBXBuildFile; fileRef = 9A083FE224CCDC7B001057D2 /* HistoryRecord.swift */; };
		9A083FE524CCDC88001057D2 /* UserDefaultSetup.swift in Sources */ = {isa = PBXBuildFile; fileRef = 9A083FE424CCDC88001057D2 /* UserDefaultSetup.swift */; };
		9A083FE724CCDC90001057D2 /* ColorList.swift in Sources */ = {isa = PBXBuildFile; fileRef = 9A083FE624CCDC90001057D2 /* ColorList.swift */; };
		9A083FEB24CCDCA2001057D2 /* FontSizes.swift in Sources */ = {isa = PBXBuildFile; fileRef = 9A083FEA24CCDCA2001057D2 /* FontSizes.swift */; };
		9A083FED24CCDCAB001057D2 /* UIViewController+Ext.swift in Sources */ = {isa = PBXBuildFile; fileRef = 9A083FEC24CCDCAB001057D2 /* UIViewController+Ext.swift */; };
		9A083FEF24CCDCB4001057D2 /* UIView+Ext.swift in Sources */ = {isa = PBXBuildFile; fileRef = 9A083FEE24CCDCB4001057D2 /* UIView+Ext.swift */; };
		9A083FF124CCDCC3001057D2 /* UIDevice+Ext.swift in Sources */ = {isa = PBXBuildFile; fileRef = 9A083FF024CCDCC3001057D2 /* UIDevice+Ext.swift */; };
		9A083FFD24CCDF6A001057D2 /* Localizable.strings in Resources */ = {isa = PBXBuildFile; fileRef = 9A083FFF24CCDF6A001057D2 /* Localizable.strings */; };
		9A0DA01B24D3B2C2006BBE95 /* FrameSizes.swift in Sources */ = {isa = PBXBuildFile; fileRef = 9A0DA01A24D3B2C2006BBE95 /* FrameSizes.swift */; };
		9A1C84F72814E3A6001020EF /* DutchpayMemo in Resources */ = {isa = PBXBuildFile; fileRef = 9A1C84F62814E3A6001020EF /* DutchpayMemo */; };
		9A1C84FB2814E822001020EF /* PersistenceController.swift in Sources */ = {isa = PBXBuildFile; fileRef = 9A1C84FA2814E822001020EF /* PersistenceController.swift */; };
		9A1C85012815A733001020EF /* BasicCalc.xcdatamodeld in Sources */ = {isa = PBXBuildFile; fileRef = 9A1C84FF2815A733001020EF /* BasicCalc.xcdatamodeld */; };
		9A1C85032815A865001020EF /* ParticipantsController.swift in Sources */ = {isa = PBXBuildFile; fileRef = 9A1C85022815A865001020EF /* ParticipantsController.swift */; };
		9A1C85062815BB0F001020EF /* GroupButton.swift in Sources */ = {isa = PBXBuildFile; fileRef = 9A1C85052815BB0F001020EF /* GroupButton.swift */; };
		9A1C85082815C5C7001020EF /* AttendingButton.swift in Sources */ = {isa = PBXBuildFile; fileRef = 9A1C85072815C5C7001020EF /* AttendingButton.swift */; };
		9A2DBBFD281F024200CF4E86 /* DutchCollectionHeader.swift in Sources */ = {isa = PBXBuildFile; fileRef = 9A2DBBFC281F024200CF4E86 /* DutchCollectionHeader.swift */; };
		9A2DBBFF281F02A600CF4E86 /* DutchFooter.swift in Sources */ = {isa = PBXBuildFile; fileRef = 9A2DBBFE281F02A600CF4E86 /* DutchFooter.swift */; };
		9A2DBC012820698F00CF4E86 /* PersonDetailCell.swift in Sources */ = {isa = PBXBuildFile; fileRef = 9A2DBC002820698F00CF4E86 /* PersonDetailCell.swift */; };
		9A2DBC03282069AC00CF4E86 /* PersonDetailViewModel.swift in Sources */ = {isa = PBXBuildFile; fileRef = 9A2DBC02282069AC00CF4E86 /* PersonDetailViewModel.swift */; };
		9A2DBC052820717200CF4E86 /* PriceTextField.swift in Sources */ = {isa = PBXBuildFile; fileRef = 9A2DBC042820717200CF4E86 /* PriceTextField.swift */; };
		9A2DBC0728217E2500CF4E86 /* CustomNumberPadController.swift in Sources */ = {isa = PBXBuildFile; fileRef = 9A2DBC0628217E2500CF4E86 /* CustomNumberPadController.swift */; };
		9A2DBC09282181E800CF4E86 /* NumberButton.swift in Sources */ = {isa = PBXBuildFile; fileRef = 9A2DBC08282181E800CF4E86 /* NumberButton.swift */; };
		9A2DBC0B28258CB200CF4E86 /* ColorExt+.swift in Sources */ = {isa = PBXBuildFile; fileRef = 9A2DBC0A28258CB200CF4E86 /* ColorExt+.swift */; };
		9A2DBC0D28258DF400CF4E86 /* SelectableButton.swift in Sources */ = {isa = PBXBuildFile; fileRef = 9A2DBC0C28258DF400CF4E86 /* SelectableButton.swift */; };
		9A2DBC2F2826DBB400CF4E86 /* PersonDetailTestCell.swift in Sources */ = {isa = PBXBuildFile; fileRef = 9A2DBC2E2826DBB400CF4E86 /* PersonDetailTestCell.swift */; };
		9A2DBC312826DCDF00CF4E86 /* CollectionTestViewController.swift in Sources */ = {isa = PBXBuildFile; fileRef = 9A2DBC302826DCDF00CF4E86 /* CollectionTestViewController.swift */; };
		9A2DBC34282822C600CF4E86 /* MyAlert.swift in Sources */ = {isa = PBXBuildFile; fileRef = 9A2DBC33282822C600CF4E86 /* MyAlert.swift */; };
		9A4FD3BF26A7A86300593358 /* ButtonTag.swift in Sources */ = {isa = PBXBuildFile; fileRef = 9A4FD3BE26A7A86300593358 /* ButtonTag.swift */; };
		9A4FD3C126A7AD9800593358 /* Extensions.swift in Sources */ = {isa = PBXBuildFile; fileRef = 9A4FD3C026A7AD9800593358 /* Extensions.swift */; };
		9A5FFE5A24DF101500681717 /* ReviewService.swift in Sources */ = {isa = PBXBuildFile; fileRef = 9A5FFE5924DF101500681717 /* ReviewService.swift */; };
		9A7F1876271AC4EC00F71785 /* SettingsCollectionCell.swift in Sources */ = {isa = PBXBuildFile; fileRef = 9A7F1875271AC4EC00F71785 /* SettingsCollectionCell.swift */; };
		9A7F1878271ACA0D00F71785 /* SettingsViewModel.swift in Sources */ = {isa = PBXBuildFile; fileRef = 9A7F1877271ACA0D00F71785 /* SettingsViewModel.swift */; };
		9AA150E9286A2C0B00DC4CED /* ToFix_Dutchpay in Resources */ = {isa = PBXBuildFile; fileRef = 9AA150E8286A2C0B00DC4CED /* ToFix_Dutchpay */; };
		9AA150EB2870D15700DC4CED /* GitInfo in Resources */ = {isa = PBXBuildFile; fileRef = 9AA150EA2870D15700DC4CED /* GitInfo */; };
		9AA150EF287203DF00DC4CED /* ParticipantsTableViewCell.swift in Sources */ = {isa = PBXBuildFile; fileRef = 9AA150EE287203DF00DC4CED /* ParticipantsTableViewCell.swift */; };
		9AA150F1287A91D400DC4CED /* SideViewController.swift in Sources */ = {isa = PBXBuildFile; fileRef = 9AA150F0287A91D400DC4CED /* SideViewController.swift */; };
		9AA1510A287C7E9700DC4CED /* DutchpayManagerTest.swift in Sources */ = {isa = PBXBuildFile; fileRef = 9AA150FB287C7D4800DC4CED /* DutchpayManagerTest.swift */; };
		9AA1510E287C7EE800DC4CED /* DutchpayManager.swift in Sources */ = {isa = PBXBuildFile; fileRef = 9AA1510D287C7EE800DC4CED /* DutchpayManager.swift */; };
		9AA15110287C7F1C00DC4CED /* CoreDataStack.swift in Sources */ = {isa = PBXBuildFile; fileRef = 9AA1510F287C7F1C00DC4CED /* CoreDataStack.swift */; };
		9AA15114287C833000DC4CED /* CoreDataTestStack.swift in Sources */ = {isa = PBXBuildFile; fileRef = 9AA15113287C833000DC4CED /* CoreDataTestStack.swift */; };
		9AA15117287DDBE700DC4CED /* SampleModel.xcdatamodeld in Sources */ = {isa = PBXBuildFile; fileRef = 9AA15115287DDBE700DC4CED /* SampleModel.xcdatamodeld */; };
		9AA15119287DDC2300DC4CED /* SampleManager.swift in Sources */ = {isa = PBXBuildFile; fileRef = 9AA15118287DDC2300DC4CED /* SampleManager.swift */; };
		9AA1511B287DDC4000DC4CED /* SampleCoreDataStack.swift in Sources */ = {isa = PBXBuildFile; fileRef = 9AA1511A287DDC4000DC4CED /* SampleCoreDataStack.swift */; };
		9AA1511D287DDD1E00DC4CED /* SampleManagerTest.swift in Sources */ = {isa = PBXBuildFile; fileRef = 9AA1511C287DDD1E00DC4CED /* SampleManagerTest.swift */; };
		9AA1511F287DDD3F00DC4CED /* SampleCoreDataTestStack.swift in Sources */ = {isa = PBXBuildFile; fileRef = 9AA1511E287DDD3F00DC4CED /* SampleCoreDataTestStack.swift */; };
		9AA5C42E2716FDB20021975C /* MainTabController.swift in Sources */ = {isa = PBXBuildFile; fileRef = 9AA5C42D2716FDB20021975C /* MainTabController.swift */; };
		9AA5C4302716FE320021975C /* SettingsViewController.swift in Sources */ = {isa = PBXBuildFile; fileRef = 9AA5C42F2716FE320021975C /* SettingsViewController.swift */; };
		9AA5C432271701190021975C /* SettingsTableCell.swift in Sources */ = {isa = PBXBuildFile; fileRef = 9AA5C431271701190021975C /* SettingsTableCell.swift */; };
		9AA5C434271701FD0021975C /* SettingsSection.swift in Sources */ = {isa = PBXBuildFile; fileRef = 9AA5C433271701FD0021975C /* SettingsSection.swift */; };
		9AA5C43627186A9D0021975C /* MVCSampleCode.swift in Sources */ = {isa = PBXBuildFile; fileRef = 9AA5C43527186A9D0021975C /* MVCSampleCode.swift */; };
		9AA5C43827186F5F0021975C /* AppUtility.swift in Sources */ = {isa = PBXBuildFile; fileRef = 9AA5C43727186F5F0021975C /* AppUtility.swift */; };
		9AC3CC592819923D00C9A37F /* SampleModel.swift in Sources */ = {isa = PBXBuildFile; fileRef = 9AC3CC582819923D00C9A37F /* SampleModel.swift */; };
		9AC3CC5D2819931700C9A37F /* ParticipantCollectionViewCell.swift in Sources */ = {isa = PBXBuildFile; fileRef = 9AC3CC5C2819931700C9A37F /* ParticipantCollectionViewCell.swift */; };
		9AC3CC5F2819934200C9A37F /* ParticipantViewModel.swift in Sources */ = {isa = PBXBuildFile; fileRef = 9AC3CC5E2819934200C9A37F /* ParticipantViewModel.swift */; };
		9AC3CC632819999C00C9A37F /* DutchUnitController.swift in Sources */ = {isa = PBXBuildFile; fileRef = 9AC3CC622819999C00C9A37F /* DutchUnitController.swift */; };
		9ACC0C7627DDB48900D18690 /* NotificationKey.swift in Sources */ = {isa = PBXBuildFile; fileRef = 9ACC0C7527DDB48900D18690 /* NotificationKey.swift */; };
		9AD2FB232847CF3B0075551B /* Dutchpay.xcdatamodeld in Sources */ = {isa = PBXBuildFile; fileRef = 9AD2FB212847CF3B0075551B /* Dutchpay.xcdatamodeld */; };
		9AD2FB252847D24B0075551B /* Gathering+Helper.swift in Sources */ = {isa = PBXBuildFile; fileRef = 9AD2FB242847D24B0075551B /* Gathering+Helper.swift */; };
		9AD2FB272847D2610075551B /* DutchUnit+Helper.swift in Sources */ = {isa = PBXBuildFile; fileRef = 9AD2FB262847D2610075551B /* DutchUnit+Helper.swift */; };
		9AD2FB2B2847D2960075551B /* PersonDetail+Helper.swift in Sources */ = {isa = PBXBuildFile; fileRef = 9AD2FB2A2847D2960075551B /* PersonDetail+Helper.swift */; };
		9AD2FB2E284FC4030075551B /* NumberLayerController.swift in Sources */ = {isa = PBXBuildFile; fileRef = 9AD2FB2D284FC4030075551B /* NumberLayerController.swift */; };
		9AD2FB30284FD8D70075551B /* NeedingController.swift in Sources */ = {isa = PBXBuildFile; fileRef = 9AD2FB2F284FD8D70075551B /* NeedingController.swift */; };
		9AD2FB55285787770075551B /* DutchTableCell.swift in Sources */ = {isa = PBXBuildFile; fileRef = 9AD2FB54285787770075551B /* DutchTableCell.swift */; };
		9AD2FB57285788020075551B /* GroupTableCell.swift in Sources */ = {isa = PBXBuildFile; fileRef = 9AD2FB56285788020075551B /* GroupTableCell.swift */; };
		9AD2FB5928578AC70075551B /* LayerController.swift in Sources */ = {isa = PBXBuildFile; fileRef = 9AD2FB5828578AC70075551B /* LayerController.swift */; };
		9AEA8A20256111D0008AE06E /* Realm.framework in Frameworks */ = {isa = PBXBuildFile; fileRef = 9AEA8A1F256111D0008AE06E /* Realm.framework */; };
		9AEA8A2F25611243008AE06E /* RealmSwift.framework in Frameworks */ = {isa = PBXBuildFile; fileRef = 9AEA8A2E25611243008AE06E /* RealmSwift.framework */; };
		9AF62EE426FF251900E183AB /* BaseVCMemo in Resources */ = {isa = PBXBuildFile; fileRef = 9AF62EE326FF251900E183AB /* BaseVCMemo */; };
		9AF62EE826FF660B00E183AB /* ImageConstants.swift in Sources */ = {isa = PBXBuildFile; fileRef = 9AF62EE726FF660B00E183AB /* ImageConstants.swift */; };
		9AF62EEA26FF665800E183AB /* RatioConstants.swift in Sources */ = {isa = PBXBuildFile; fileRef = 9AF62EE926FF665800E183AB /* RatioConstants.swift */; };
		9AF62EEC26FF668A00E183AB /* TagConstants.swift in Sources */ = {isa = PBXBuildFile; fileRef = 9AF62EEB26FF668A00E183AB /* TagConstants.swift */; };
		9AF62EF72702051B00E183AB /* BasicCalculator.swift in Sources */ = {isa = PBXBuildFile; fileRef = 9AF62EF62702051B00E183AB /* BasicCalculator.swift */; };
		9AF62EF927020C1A00E183AB /* ToastMessage.swift in Sources */ = {isa = PBXBuildFile; fileRef = 9AF62EF827020C1A00E183AB /* ToastMessage.swift */; };
		9AF62EFB2702145A00E183AB /* InputEnums.swift in Sources */ = {isa = PBXBuildFile; fileRef = 9AF62EFA2702145A00E183AB /* InputEnums.swift */; };
		9AFB9505281EF5F200A9DEAA /* DutchCollectionCell.swift in Sources */ = {isa = PBXBuildFile; fileRef = 9AFB9504281EF5F200A9DEAA /* DutchCollectionCell.swift */; };
		9AFB9507281EF60500A9DEAA /* DutchUnitTableViewModel.swift in Sources */ = {isa = PBXBuildFile; fileRef = 9AFB9506281EF60500A9DEAA /* DutchUnitTableViewModel.swift */; };
		E53B76F42823C8AA001C0CCE /* UIScreenExt+.swift in Sources */ = {isa = PBXBuildFile; fileRef = E53B76F32823C8AA001C0CCE /* UIScreenExt+.swift */; };
		E53B7716282790AB001C0CCE /* StringExt+.swift in Sources */ = {isa = PBXBuildFile; fileRef = E53B7715282790AB001C0CCE /* StringExt+.swift */; };
		E53B7718282790B7001C0CCE /* IntExt+.swift in Sources */ = {isa = PBXBuildFile; fileRef = E53B7717282790B7001C0CCE /* IntExt+.swift */; };
/* End PBXBuildFile section */

/* Begin PBXContainerItemProxy section */
		9AA15105287C7E3E00DC4CED /* PBXContainerItemProxy */ = {
			isa = PBXContainerItemProxy;
			containerPortal = 9A083F9A24CCD55D001057D2 /* Project object */;
			proxyType = 1;
			remoteGlobalIDString = 9A083FA124CCD55D001057D2;
			remoteInfo = Calie;
		};
/* End PBXContainerItemProxy section */

/* Begin PBXFileReference section */
		07C795757253A50038B51B87 /* Pods-Caliy-CaliyUITests.debug.xcconfig */ = {isa = PBXFileReference; includeInIndex = 1; lastKnownFileType = text.xcconfig; name = "Pods-Caliy-CaliyUITests.debug.xcconfig"; path = "Target Support Files/Pods-Caliy-CaliyUITests/Pods-Caliy-CaliyUITests.debug.xcconfig"; sourceTree = "<group>"; };
		0B145D3A3D9F8409B180880B /* Pods-CalieTests.release.xcconfig */ = {isa = PBXFileReference; includeInIndex = 1; lastKnownFileType = text.xcconfig; name = "Pods-CalieTests.release.xcconfig"; path = "Target Support Files/Pods-CalieTests/Pods-CalieTests.release.xcconfig"; sourceTree = "<group>"; };
		1B8DE3669B73C4EB83245CDD /* Pods-CalieTests.debug.xcconfig */ = {isa = PBXFileReference; includeInIndex = 1; lastKnownFileType = text.xcconfig; name = "Pods-CalieTests.debug.xcconfig"; path = "Target Support Files/Pods-CalieTests/Pods-CalieTests.debug.xcconfig"; sourceTree = "<group>"; };
		22F65E732845D08D00646FCD /* Group+Helper.swift */ = {isa = PBXFileReference; lastKnownFileType = sourcecode.swift; path = "Group+Helper.swift"; sourceTree = "<group>"; };
		22F65E772845D0AB00646FCD /* Person+Helper.swift */ = {isa = PBXFileReference; lastKnownFileType = sourcecode.swift; path = "Person+Helper.swift"; sourceTree = "<group>"; };
		2E410E853A6BD45D189BBA36 /* Pods-Calie.debug.xcconfig */ = {isa = PBXFileReference; includeInIndex = 1; lastKnownFileType = text.xcconfig; name = "Pods-Calie.debug.xcconfig"; path = "Target Support Files/Pods-Calie/Pods-Calie.debug.xcconfig"; sourceTree = "<group>"; };
		5931D4062B3225906FE3C994 /* Pods_Calie.framework */ = {isa = PBXFileReference; explicitFileType = wrapper.framework; includeInIndex = 0; path = Pods_Calie.framework; sourceTree = BUILT_PRODUCTS_DIR; };
		686B6DBE76AA8AE834DAB8D1 /* Pods_Calie_CalieUITests.framework */ = {isa = PBXFileReference; explicitFileType = wrapper.framework; includeInIndex = 0; path = Pods_Calie_CalieUITests.framework; sourceTree = BUILT_PRODUCTS_DIR; };
		6D6080807D27694976AE0BD9 /* Pods-Caliy-CaliyUITests.release.xcconfig */ = {isa = PBXFileReference; includeInIndex = 1; lastKnownFileType = text.xcconfig; name = "Pods-Caliy-CaliyUITests.release.xcconfig"; path = "Target Support Files/Pods-Caliy-CaliyUITests/Pods-Caliy-CaliyUITests.release.xcconfig"; sourceTree = "<group>"; };
		74E815B644FB9288D8FD3A96 /* Pods-Caliy.debug.xcconfig */ = {isa = PBXFileReference; includeInIndex = 1; lastKnownFileType = text.xcconfig; name = "Pods-Caliy.debug.xcconfig"; path = "Target Support Files/Pods-Caliy/Pods-Caliy.debug.xcconfig"; sourceTree = "<group>"; };
		817EBCDE9E6DD8F3CC12E86E /* Pods-CaliyTests.debug.xcconfig */ = {isa = PBXFileReference; includeInIndex = 1; lastKnownFileType = text.xcconfig; name = "Pods-CaliyTests.debug.xcconfig"; path = "Target Support Files/Pods-CaliyTests/Pods-CaliyTests.debug.xcconfig"; sourceTree = "<group>"; };
		8465EFD5CB5B983E6C054A8D /* Pods_CalieTests.framework */ = {isa = PBXFileReference; explicitFileType = wrapper.framework; includeInIndex = 0; path = Pods_CalieTests.framework; sourceTree = BUILT_PRODUCTS_DIR; };
		8FEA1691EE216580305789D6 /* Pods-Caliy.release.xcconfig */ = {isa = PBXFileReference; includeInIndex = 1; lastKnownFileType = text.xcconfig; name = "Pods-Caliy.release.xcconfig"; path = "Target Support Files/Pods-Caliy/Pods-Caliy.release.xcconfig"; sourceTree = "<group>"; };
		8FF7093DB210353C65FD753D /* Pods-Calie.release.xcconfig */ = {isa = PBXFileReference; includeInIndex = 1; lastKnownFileType = text.xcconfig; name = "Pods-Calie.release.xcconfig"; path = "Target Support Files/Pods-Calie/Pods-Calie.release.xcconfig"; sourceTree = "<group>"; };
		9A07FF3E280DC9C2007110D8 /* DutchpayController.swift */ = {isa = PBXFileReference; lastKnownFileType = sourcecode.swift; path = DutchpayController.swift; sourceTree = "<group>"; };
		9A083FA224CCD55D001057D2 /* Calie.app */ = {isa = PBXFileReference; explicitFileType = wrapper.application; includeInIndex = 0; path = Calie.app; sourceTree = BUILT_PRODUCTS_DIR; };
		9A083FA524CCD55D001057D2 /* AppDelegate.swift */ = {isa = PBXFileReference; lastKnownFileType = sourcecode.swift; path = AppDelegate.swift; sourceTree = "<group>"; };
		9A083FA724CCD55D001057D2 /* SceneDelegate.swift */ = {isa = PBXFileReference; lastKnownFileType = sourcecode.swift; path = SceneDelegate.swift; sourceTree = "<group>"; };
		9A083FB124CCD55E001057D2 /* Assets.xcassets */ = {isa = PBXFileReference; lastKnownFileType = folder.assetcatalog; path = Assets.xcassets; sourceTree = "<group>"; };
		9A083FB424CCD55E001057D2 /* Base */ = {isa = PBXFileReference; lastKnownFileType = file.storyboard; name = Base; path = Base.lproj/LaunchScreen.storyboard; sourceTree = "<group>"; };
		9A083FB624CCD55E001057D2 /* Info.plist */ = {isa = PBXFileReference; lastKnownFileType = text.plist.xml; path = Info.plist; sourceTree = "<group>"; };
		9A083FD824CCDBDE001057D2 /* BaseViewController.swift */ = {isa = PBXFileReference; lastKnownFileType = sourcecode.swift; path = BaseViewController.swift; sourceTree = "<group>"; };
		9A083FDA24CCDC22001057D2 /* HistoryRecordVC.swift */ = {isa = PBXFileReference; lastKnownFileType = sourcecode.swift; path = HistoryRecordVC.swift; sourceTree = "<group>"; };
		9A083FDC24CCDC3B001057D2 /* HistoryRecordCell.swift */ = {isa = PBXFileReference; lastKnownFileType = sourcecode.swift; path = HistoryRecordCell.swift; sourceTree = "<group>"; };
		9A083FDE24CCDC66001057D2 /* RealmService.swift */ = {isa = PBXFileReference; lastKnownFileType = sourcecode.swift; path = RealmService.swift; sourceTree = "<group>"; };
		9A083FE024CCDC72001057D2 /* LocalizedStringStorage.swift */ = {isa = PBXFileReference; lastKnownFileType = sourcecode.swift; path = LocalizedStringStorage.swift; sourceTree = "<group>"; };
		9A083FE224CCDC7B001057D2 /* HistoryRecord.swift */ = {isa = PBXFileReference; lastKnownFileType = sourcecode.swift; path = HistoryRecord.swift; sourceTree = "<group>"; };
		9A083FE424CCDC88001057D2 /* UserDefaultSetup.swift */ = {isa = PBXFileReference; lastKnownFileType = sourcecode.swift; path = UserDefaultSetup.swift; sourceTree = "<group>"; };
		9A083FE624CCDC90001057D2 /* ColorList.swift */ = {isa = PBXFileReference; lastKnownFileType = sourcecode.swift; path = ColorList.swift; sourceTree = "<group>"; };
		9A083FEA24CCDCA2001057D2 /* FontSizes.swift */ = {isa = PBXFileReference; lastKnownFileType = sourcecode.swift; path = FontSizes.swift; sourceTree = "<group>"; };
		9A083FEC24CCDCAB001057D2 /* UIViewController+Ext.swift */ = {isa = PBXFileReference; lastKnownFileType = sourcecode.swift; path = "UIViewController+Ext.swift"; sourceTree = "<group>"; };
		9A083FEE24CCDCB4001057D2 /* UIView+Ext.swift */ = {isa = PBXFileReference; lastKnownFileType = sourcecode.swift; path = "UIView+Ext.swift"; sourceTree = "<group>"; };
		9A083FF024CCDCC3001057D2 /* UIDevice+Ext.swift */ = {isa = PBXFileReference; lastKnownFileType = sourcecode.swift; path = "UIDevice+Ext.swift"; sourceTree = "<group>"; };
		9A083FF724CCDE53001057D2 /* ko */ = {isa = PBXFileReference; lastKnownFileType = text.plist.strings; name = ko; path = ko.lproj/LaunchScreen.strings; sourceTree = "<group>"; };
		9A083FFE24CCDF6A001057D2 /* en */ = {isa = PBXFileReference; lastKnownFileType = text.plist.strings; name = en; path = en.lproj/Localizable.strings; sourceTree = "<group>"; };
		9A08400024CCDF6E001057D2 /* ko */ = {isa = PBXFileReference; lastKnownFileType = text.plist.strings; name = ko; path = ko.lproj/Localizable.strings; sourceTree = "<group>"; };
		9A0DA01A24D3B2C2006BBE95 /* FrameSizes.swift */ = {isa = PBXFileReference; lastKnownFileType = sourcecode.swift; path = FrameSizes.swift; sourceTree = "<group>"; };
		9A1C84F52814E39F001020EF /* ColorMemo */ = {isa = PBXFileReference; lastKnownFileType = text; path = ColorMemo; sourceTree = "<group>"; };
		9A1C84F62814E3A6001020EF /* DutchpayMemo */ = {isa = PBXFileReference; lastKnownFileType = text; path = DutchpayMemo; sourceTree = "<group>"; };
		9A1C84FA2814E822001020EF /* PersistenceController.swift */ = {isa = PBXFileReference; lastKnownFileType = sourcecode.swift; path = PersistenceController.swift; sourceTree = "<group>"; };
		9A1C85002815A733001020EF /* BasicCalc.xcdatamodel */ = {isa = PBXFileReference; lastKnownFileType = wrapper.xcdatamodel; path = BasicCalc.xcdatamodel; sourceTree = "<group>"; };
		9A1C85022815A865001020EF /* ParticipantsController.swift */ = {isa = PBXFileReference; lastKnownFileType = sourcecode.swift; path = ParticipantsController.swift; sourceTree = "<group>"; };
		9A1C85052815BB0F001020EF /* GroupButton.swift */ = {isa = PBXFileReference; lastKnownFileType = sourcecode.swift; path = GroupButton.swift; sourceTree = "<group>"; };
		9A1C85072815C5C7001020EF /* AttendingButton.swift */ = {isa = PBXFileReference; lastKnownFileType = sourcecode.swift; path = AttendingButton.swift; sourceTree = "<group>"; };
		9A2DBBFC281F024200CF4E86 /* DutchCollectionHeader.swift */ = {isa = PBXFileReference; lastKnownFileType = sourcecode.swift; path = DutchCollectionHeader.swift; sourceTree = "<group>"; };
		9A2DBBFE281F02A600CF4E86 /* DutchFooter.swift */ = {isa = PBXFileReference; lastKnownFileType = sourcecode.swift; path = DutchFooter.swift; sourceTree = "<group>"; };
		9A2DBC002820698F00CF4E86 /* PersonDetailCell.swift */ = {isa = PBXFileReference; lastKnownFileType = sourcecode.swift; path = PersonDetailCell.swift; sourceTree = "<group>"; };
		9A2DBC02282069AC00CF4E86 /* PersonDetailViewModel.swift */ = {isa = PBXFileReference; lastKnownFileType = sourcecode.swift; path = PersonDetailViewModel.swift; sourceTree = "<group>"; };
		9A2DBC042820717200CF4E86 /* PriceTextField.swift */ = {isa = PBXFileReference; lastKnownFileType = sourcecode.swift; path = PriceTextField.swift; sourceTree = "<group>"; };
		9A2DBC0628217E2500CF4E86 /* CustomNumberPadController.swift */ = {isa = PBXFileReference; lastKnownFileType = sourcecode.swift; path = CustomNumberPadController.swift; sourceTree = "<group>"; };
		9A2DBC08282181E800CF4E86 /* NumberButton.swift */ = {isa = PBXFileReference; lastKnownFileType = sourcecode.swift; path = NumberButton.swift; sourceTree = "<group>"; };
		9A2DBC0A28258CB200CF4E86 /* ColorExt+.swift */ = {isa = PBXFileReference; lastKnownFileType = sourcecode.swift; path = "ColorExt+.swift"; sourceTree = "<group>"; };
		9A2DBC0C28258DF400CF4E86 /* SelectableButton.swift */ = {isa = PBXFileReference; lastKnownFileType = sourcecode.swift; path = SelectableButton.swift; sourceTree = "<group>"; };
		9A2DBC2E2826DBB400CF4E86 /* PersonDetailTestCell.swift */ = {isa = PBXFileReference; lastKnownFileType = sourcecode.swift; path = PersonDetailTestCell.swift; sourceTree = "<group>"; };
		9A2DBC302826DCDF00CF4E86 /* CollectionTestViewController.swift */ = {isa = PBXFileReference; lastKnownFileType = sourcecode.swift; path = CollectionTestViewController.swift; sourceTree = "<group>"; };
		9A2DBC33282822C600CF4E86 /* MyAlert.swift */ = {isa = PBXFileReference; lastKnownFileType = sourcecode.swift; path = MyAlert.swift; sourceTree = "<group>"; };
		9A4FD3BE26A7A86300593358 /* ButtonTag.swift */ = {isa = PBXFileReference; lastKnownFileType = sourcecode.swift; path = ButtonTag.swift; sourceTree = "<group>"; };
		9A4FD3C026A7AD9800593358 /* Extensions.swift */ = {isa = PBXFileReference; lastKnownFileType = sourcecode.swift; path = Extensions.swift; sourceTree = "<group>"; };
		9A5FFE5924DF101500681717 /* ReviewService.swift */ = {isa = PBXFileReference; lastKnownFileType = sourcecode.swift; path = ReviewService.swift; sourceTree = "<group>"; };
		9A7F1875271AC4EC00F71785 /* SettingsCollectionCell.swift */ = {isa = PBXFileReference; lastKnownFileType = sourcecode.swift; path = SettingsCollectionCell.swift; sourceTree = "<group>"; };
		9A7F1877271ACA0D00F71785 /* SettingsViewModel.swift */ = {isa = PBXFileReference; lastKnownFileType = sourcecode.swift; path = SettingsViewModel.swift; sourceTree = "<group>"; };
		9AA150E8286A2C0B00DC4CED /* ToFix_Dutchpay */ = {isa = PBXFileReference; lastKnownFileType = text; path = ToFix_Dutchpay; sourceTree = "<group>"; };
		9AA150EA2870D15700DC4CED /* GitInfo */ = {isa = PBXFileReference; lastKnownFileType = text; path = GitInfo; sourceTree = "<group>"; };
		9AA150EE287203DF00DC4CED /* ParticipantsTableViewCell.swift */ = {isa = PBXFileReference; lastKnownFileType = sourcecode.swift; path = ParticipantsTableViewCell.swift; sourceTree = "<group>"; };
		9AA150F0287A91D400DC4CED /* SideViewController.swift */ = {isa = PBXFileReference; lastKnownFileType = sourcecode.swift; path = SideViewController.swift; sourceTree = "<group>"; };
		9AA150FB287C7D4800DC4CED /* DutchpayManagerTest.swift */ = {isa = PBXFileReference; lastKnownFileType = sourcecode.swift; path = DutchpayManagerTest.swift; sourceTree = "<group>"; };
		9AA15101287C7E3E00DC4CED /* CalieTests.xctest */ = {isa = PBXFileReference; explicitFileType = wrapper.cfbundle; includeInIndex = 0; path = CalieTests.xctest; sourceTree = BUILT_PRODUCTS_DIR; };
		9AA1510D287C7EE800DC4CED /* DutchpayManager.swift */ = {isa = PBXFileReference; lastKnownFileType = sourcecode.swift; path = DutchpayManager.swift; sourceTree = "<group>"; };
		9AA1510F287C7F1C00DC4CED /* CoreDataStack.swift */ = {isa = PBXFileReference; lastKnownFileType = sourcecode.swift; path = CoreDataStack.swift; sourceTree = "<group>"; };
		9AA15113287C833000DC4CED /* CoreDataTestStack.swift */ = {isa = PBXFileReference; lastKnownFileType = sourcecode.swift; path = CoreDataTestStack.swift; sourceTree = "<group>"; };
		9AA15116287DDBE700DC4CED /* SampleModel.xcdatamodel */ = {isa = PBXFileReference; lastKnownFileType = wrapper.xcdatamodel; path = SampleModel.xcdatamodel; sourceTree = "<group>"; };
		9AA15118287DDC2300DC4CED /* SampleManager.swift */ = {isa = PBXFileReference; lastKnownFileType = sourcecode.swift; path = SampleManager.swift; sourceTree = "<group>"; };
		9AA1511A287DDC4000DC4CED /* SampleCoreDataStack.swift */ = {isa = PBXFileReference; lastKnownFileType = sourcecode.swift; path = SampleCoreDataStack.swift; sourceTree = "<group>"; };
		9AA1511C287DDD1E00DC4CED /* SampleManagerTest.swift */ = {isa = PBXFileReference; lastKnownFileType = sourcecode.swift; path = SampleManagerTest.swift; sourceTree = "<group>"; };
		9AA1511E287DDD3F00DC4CED /* SampleCoreDataTestStack.swift */ = {isa = PBXFileReference; lastKnownFileType = sourcecode.swift; path = SampleCoreDataTestStack.swift; sourceTree = "<group>"; };
		9AA5C42D2716FDB20021975C /* MainTabController.swift */ = {isa = PBXFileReference; lastKnownFileType = sourcecode.swift; path = MainTabController.swift; sourceTree = "<group>"; };
		9AA5C42F2716FE320021975C /* SettingsViewController.swift */ = {isa = PBXFileReference; lastKnownFileType = sourcecode.swift; path = SettingsViewController.swift; sourceTree = "<group>"; };
		9AA5C431271701190021975C /* SettingsTableCell.swift */ = {isa = PBXFileReference; lastKnownFileType = sourcecode.swift; path = SettingsTableCell.swift; sourceTree = "<group>"; };
		9AA5C433271701FD0021975C /* SettingsSection.swift */ = {isa = PBXFileReference; lastKnownFileType = sourcecode.swift; path = SettingsSection.swift; sourceTree = "<group>"; };
		9AA5C43527186A9D0021975C /* MVCSampleCode.swift */ = {isa = PBXFileReference; lastKnownFileType = sourcecode.swift; path = MVCSampleCode.swift; sourceTree = "<group>"; };
		9AA5C43727186F5F0021975C /* AppUtility.swift */ = {isa = PBXFileReference; lastKnownFileType = sourcecode.swift; path = AppUtility.swift; sourceTree = "<group>"; };
		9AC3CC582819923D00C9A37F /* SampleModel.swift */ = {isa = PBXFileReference; lastKnownFileType = sourcecode.swift; path = SampleModel.swift; sourceTree = "<group>"; };
		9AC3CC5C2819931700C9A37F /* ParticipantCollectionViewCell.swift */ = {isa = PBXFileReference; lastKnownFileType = sourcecode.swift; path = ParticipantCollectionViewCell.swift; sourceTree = "<group>"; };
		9AC3CC5E2819934200C9A37F /* ParticipantViewModel.swift */ = {isa = PBXFileReference; lastKnownFileType = sourcecode.swift; path = ParticipantViewModel.swift; sourceTree = "<group>"; };
		9AC3CC622819999C00C9A37F /* DutchUnitController.swift */ = {isa = PBXFileReference; lastKnownFileType = sourcecode.swift; path = DutchUnitController.swift; sourceTree = "<group>"; };
		9ACC0C7527DDB48900D18690 /* NotificationKey.swift */ = {isa = PBXFileReference; lastKnownFileType = sourcecode.swift; path = NotificationKey.swift; sourceTree = "<group>"; };
		9AD2FB222847CF3B0075551B /* Dutchpay2.xcdatamodel */ = {isa = PBXFileReference; lastKnownFileType = wrapper.xcdatamodel; path = Dutchpay2.xcdatamodel; sourceTree = "<group>"; };
		9AD2FB242847D24B0075551B /* Gathering+Helper.swift */ = {isa = PBXFileReference; lastKnownFileType = sourcecode.swift; path = "Gathering+Helper.swift"; sourceTree = "<group>"; };
		9AD2FB262847D2610075551B /* DutchUnit+Helper.swift */ = {isa = PBXFileReference; lastKnownFileType = sourcecode.swift; path = "DutchUnit+Helper.swift"; sourceTree = "<group>"; };
		9AD2FB2A2847D2960075551B /* PersonDetail+Helper.swift */ = {isa = PBXFileReference; lastKnownFileType = sourcecode.swift; path = "PersonDetail+Helper.swift"; sourceTree = "<group>"; };
		9AD2FB2D284FC4030075551B /* NumberLayerController.swift */ = {isa = PBXFileReference; lastKnownFileType = sourcecode.swift; path = NumberLayerController.swift; sourceTree = "<group>"; };
		9AD2FB2F284FD8D70075551B /* NeedingController.swift */ = {isa = PBXFileReference; lastKnownFileType = sourcecode.swift; path = NeedingController.swift; sourceTree = "<group>"; };
		9AD2FB54285787770075551B /* DutchTableCell.swift */ = {isa = PBXFileReference; lastKnownFileType = sourcecode.swift; path = DutchTableCell.swift; sourceTree = "<group>"; };
		9AD2FB56285788020075551B /* GroupTableCell.swift */ = {isa = PBXFileReference; lastKnownFileType = sourcecode.swift; path = GroupTableCell.swift; sourceTree = "<group>"; };
		9AD2FB5828578AC70075551B /* LayerController.swift */ = {isa = PBXFileReference; lastKnownFileType = sourcecode.swift; path = LayerController.swift; sourceTree = "<group>"; };
		9AEA8A1F256111D0008AE06E /* Realm.framework */ = {isa = PBXFileReference; explicitFileType = wrapper.framework; path = Realm.framework; sourceTree = BUILT_PRODUCTS_DIR; };
		9AEA8A2425611209008AE06E /* XcodeKit.framework */ = {isa = PBXFileReference; lastKnownFileType = wrapper.framework; name = XcodeKit.framework; path = Library/Frameworks/XcodeKit.framework; sourceTree = DEVELOPER_DIR; };
		9AEA8A2E25611243008AE06E /* RealmSwift.framework */ = {isa = PBXFileReference; explicitFileType = wrapper.framework; path = RealmSwift.framework; sourceTree = BUILT_PRODUCTS_DIR; };
		9AF62EE326FF251900E183AB /* BaseVCMemo */ = {isa = PBXFileReference; lastKnownFileType = text; path = BaseVCMemo; sourceTree = "<group>"; };
		9AF62EE726FF660B00E183AB /* ImageConstants.swift */ = {isa = PBXFileReference; lastKnownFileType = sourcecode.swift; path = ImageConstants.swift; sourceTree = "<group>"; };
		9AF62EE926FF665800E183AB /* RatioConstants.swift */ = {isa = PBXFileReference; lastKnownFileType = sourcecode.swift; path = RatioConstants.swift; sourceTree = "<group>"; };
		9AF62EEB26FF668A00E183AB /* TagConstants.swift */ = {isa = PBXFileReference; lastKnownFileType = sourcecode.swift; path = TagConstants.swift; sourceTree = "<group>"; };
		9AF62EF62702051B00E183AB /* BasicCalculator.swift */ = {isa = PBXFileReference; lastKnownFileType = sourcecode.swift; path = BasicCalculator.swift; sourceTree = "<group>"; };
		9AF62EF827020C1A00E183AB /* ToastMessage.swift */ = {isa = PBXFileReference; lastKnownFileType = sourcecode.swift; path = ToastMessage.swift; sourceTree = "<group>"; };
		9AF62EFA2702145A00E183AB /* InputEnums.swift */ = {isa = PBXFileReference; lastKnownFileType = sourcecode.swift; path = InputEnums.swift; sourceTree = "<group>"; };
		9AFB9504281EF5F200A9DEAA /* DutchCollectionCell.swift */ = {isa = PBXFileReference; lastKnownFileType = sourcecode.swift; path = DutchCollectionCell.swift; sourceTree = "<group>"; };
		9AFB9506281EF60500A9DEAA /* DutchUnitTableViewModel.swift */ = {isa = PBXFileReference; lastKnownFileType = sourcecode.swift; path = DutchUnitTableViewModel.swift; sourceTree = "<group>"; };
		B60123ED03F0BE3CEBEE5AE0 /* Pods-CaliyTests.release.xcconfig */ = {isa = PBXFileReference; includeInIndex = 1; lastKnownFileType = text.xcconfig; name = "Pods-CaliyTests.release.xcconfig"; path = "Target Support Files/Pods-CaliyTests/Pods-CaliyTests.release.xcconfig"; sourceTree = "<group>"; };
		C5ADC388C2C5E9C3462154D3 /* Pods-Calie-CalieUITests.release.xcconfig */ = {isa = PBXFileReference; includeInIndex = 1; lastKnownFileType = text.xcconfig; name = "Pods-Calie-CalieUITests.release.xcconfig"; path = "Target Support Files/Pods-Calie-CalieUITests/Pods-Calie-CalieUITests.release.xcconfig"; sourceTree = "<group>"; };
		D3D424149A509BF40824BAB9 /* Pods-Calie-CalieUITests.debug.xcconfig */ = {isa = PBXFileReference; includeInIndex = 1; lastKnownFileType = text.xcconfig; name = "Pods-Calie-CalieUITests.debug.xcconfig"; path = "Target Support Files/Pods-Calie-CalieUITests/Pods-Calie-CalieUITests.debug.xcconfig"; sourceTree = "<group>"; };
		E53B76F32823C8AA001C0CCE /* UIScreenExt+.swift */ = {isa = PBXFileReference; lastKnownFileType = sourcecode.swift; path = "UIScreenExt+.swift"; sourceTree = "<group>"; };
		E53B7715282790AB001C0CCE /* StringExt+.swift */ = {isa = PBXFileReference; lastKnownFileType = sourcecode.swift; path = "StringExt+.swift"; sourceTree = "<group>"; };
		E53B7717282790B7001C0CCE /* IntExt+.swift */ = {isa = PBXFileReference; lastKnownFileType = sourcecode.swift; path = "IntExt+.swift"; sourceTree = "<group>"; };
/* End PBXFileReference section */

/* Begin PBXFrameworksBuildPhase section */
		9A083F9F24CCD55D001057D2 /* Frameworks */ = {
			isa = PBXFrameworksBuildPhase;
			buildActionMask = 2147483647;
			files = (
				9AEA8A2F25611243008AE06E /* RealmSwift.framework in Frameworks */,
				9AEA8A20256111D0008AE06E /* Realm.framework in Frameworks */,
				5833A01F4BB1956F1EF0970C /* Pods_Calie.framework in Frameworks */,
			);
			runOnlyForDeploymentPostprocessing = 0;
		};
		9AA150FE287C7E3E00DC4CED /* Frameworks */ = {
			isa = PBXFrameworksBuildPhase;
			buildActionMask = 2147483647;
			files = (
			);
			runOnlyForDeploymentPostprocessing = 0;
		};
/* End PBXFrameworksBuildPhase section */

/* Begin PBXGroup section */
		3E15720660FED9FFA29DB295 /* Frameworks */ = {
			isa = PBXGroup;
			children = (
				9AEA8A2E25611243008AE06E /* RealmSwift.framework */,
				9AEA8A2425611209008AE06E /* XcodeKit.framework */,
				9AEA8A1F256111D0008AE06E /* Realm.framework */,
				5931D4062B3225906FE3C994 /* Pods_Calie.framework */,
				686B6DBE76AA8AE834DAB8D1 /* Pods_Calie_CalieUITests.framework */,
				8465EFD5CB5B983E6C054A8D /* Pods_CalieTests.framework */,
			);
			name = Frameworks;
			sourceTree = "<group>";
		};
		9A083F9924CCD55D001057D2 = {
			isa = PBXGroup;
			children = (
				9A2DBC0C28258DF400CF4E86 /* SelectableButton.swift */,
				9A083FA424CCD55D001057D2 /* Calie */,
				9AA15102287C7E3E00DC4CED /* CalieTests */,
				9A083FA324CCD55D001057D2 /* Products */,
				E626D36DB9E65AF30BED8735 /* Pods */,
				3E15720660FED9FFA29DB295 /* Frameworks */,
			);
			sourceTree = "<group>";
		};
		9A083FA324CCD55D001057D2 /* Products */ = {
			isa = PBXGroup;
			children = (
				9A083FA224CCD55D001057D2 /* Calie.app */,
				9AA15101287C7E3E00DC4CED /* CalieTests.xctest */,
			);
			name = Products;
			sourceTree = "<group>";
		};
		9A083FA424CCD55D001057D2 /* Calie */ = {
			isa = PBXGroup;
			children = (
				9A1C84F52814E39F001020EF /* ColorMemo */,
				9A1C84F62814E3A6001020EF /* DutchpayMemo */,
				9AA150E8286A2C0B00DC4CED /* ToFix_Dutchpay */,
				9AA150EA2870D15700DC4CED /* GitInfo */,
				9AA150F0287A91D400DC4CED /* SideViewController.swift */,
				9A2DBC33282822C600CF4E86 /* MyAlert.swift */,
				9A083FF224CCDDB9001057D2 /* Delegate */,
				9A083FF324CCDDE4001057D2 /* ViewController */,
				9A083FF524CCDE04001057D2 /* Model */,
				9AF62EF12701C16A00E183AB /* Views */,
				9AD2FB51285784D70075551B /* Dutch */,
				9AC3CC612819993D00C9A37F /* Trash */,
				9A083FF624CCDE0D001057D2 /* Extension */,
				9AF62EE526FF65CC00E183AB /* Services */,
				9AF62EE626FF65ED00E183AB /* Constants */,
				9AF62EE326FF251900E183AB /* BaseVCMemo */,
				9A083FFF24CCDF6A001057D2 /* Localizable.strings */,
				9A083FB624CCD55E001057D2 /* Info.plist */,
				9A083FB324CCD55E001057D2 /* LaunchScreen.storyboard */,
				9AA5C43527186A9D0021975C /* MVCSampleCode.swift */,
				9A083FB124CCD55E001057D2 /* Assets.xcassets */,
			);
			path = Calie;
			sourceTree = "<group>";
		};
		9A083FF224CCDDB9001057D2 /* Delegate */ = {
			isa = PBXGroup;
			children = (
				9A083FA524CCD55D001057D2 /* AppDelegate.swift */,
				9A083FA724CCD55D001057D2 /* SceneDelegate.swift */,
			);
			path = Delegate;
			sourceTree = "<group>";
		};
		9A083FF324CCDDE4001057D2 /* ViewController */ = {
			isa = PBXGroup;
			children = (
				9AA5C42D2716FDB20021975C /* MainTabController.swift */,
				9A083FD824CCDBDE001057D2 /* BaseViewController.swift */,
				9A083FDA24CCDC22001057D2 /* HistoryRecordVC.swift */,
				9AA5C42F2716FE320021975C /* SettingsViewController.swift */,
			);
			path = ViewController;
			sourceTree = "<group>";
		};
		9A083FF524CCDE04001057D2 /* Model */ = {
			isa = PBXGroup;
			children = (
				9AF62EF62702051B00E183AB /* BasicCalculator.swift */,
				9AA1510F287C7F1C00DC4CED /* CoreDataStack.swift */,
				9AA1511A287DDC4000DC4CED /* SampleCoreDataStack.swift */,
				9AA1510D287C7EE800DC4CED /* DutchpayManager.swift */,
				9AA15118287DDC2300DC4CED /* SampleManager.swift */,
				9A083FE224CCDC7B001057D2 /* HistoryRecord.swift */,
				9AA5C433271701FD0021975C /* SettingsSection.swift */,
				9A083FE424CCDC88001057D2 /* UserDefaultSetup.swift */,
				9A1C84FA2814E822001020EF /* PersistenceController.swift */,
				9AD2FB2C2847D2B20075551B /* CoreHelpers */,
				9A1C84FF2815A733001020EF /* BasicCalc.xcdatamodeld */,
				9AD2FB212847CF3B0075551B /* Dutchpay.xcdatamodeld */,
				9AA15115287DDBE700DC4CED /* SampleModel.xcdatamodeld */,
			);
			path = Model;
			sourceTree = "<group>";
		};
		9A083FF624CCDE0D001057D2 /* Extension */ = {
			isa = PBXGroup;
			children = (
				E53B76F32823C8AA001C0CCE /* UIScreenExt+.swift */,
				E53B7715282790AB001C0CCE /* StringExt+.swift */,
				E53B7717282790B7001C0CCE /* IntExt+.swift */,
				9A2DBC0A28258CB200CF4E86 /* ColorExt+.swift */,
				9A083FEC24CCDCAB001057D2 /* UIViewController+Ext.swift */,
				9A4FD3BE26A7A86300593358 /* ButtonTag.swift */,
				9A4FD3C026A7AD9800593358 /* Extensions.swift */,
				9A083FEE24CCDCB4001057D2 /* UIView+Ext.swift */,
				9A083FF024CCDCC3001057D2 /* UIDevice+Ext.swift */,
			);
			path = Extension;
			sourceTree = "<group>";
		};
		9A1C84FC2814EBD4001020EF /* DutchPay */ = {
			isa = PBXGroup;
			children = (
				9A07FF3E280DC9C2007110D8 /* DutchpayController.swift */,
				9AFB9506281EF60500A9DEAA /* DutchUnitTableViewModel.swift */,
				9AD2FB54285787770075551B /* DutchTableCell.swift */,
			);
			path = DutchPay;
			sourceTree = "<group>";
		};
		9A1C85042815BAF6001020EF /* SubViews */ = {
			isa = PBXGroup;
			children = (
				9A2DBC0628217E2500CF4E86 /* CustomNumberPadController.swift */,
				9AD2FB2D284FC4030075551B /* NumberLayerController.swift */,
				9AD2FB2F284FD8D70075551B /* NeedingController.swift */,
				9A2DBC042820717200CF4E86 /* PriceTextField.swift */,
				9A1C85052815BB0F001020EF /* GroupButton.swift */,
				9A2DBC08282181E800CF4E86 /* NumberButton.swift */,
				9A1C85072815C5C7001020EF /* AttendingButton.swift */,
			);
			path = SubViews;
			sourceTree = "<group>";
		};
		9A2DBC322826DF6A00CF4E86 /* Tests */ = {
			isa = PBXGroup;
			children = (
				9A2DBC302826DCDF00CF4E86 /* CollectionTestViewController.swift */,
				9A2DBC2E2826DBB400CF4E86 /* PersonDetailTestCell.swift */,
			);
			path = Tests;
			sourceTree = "<group>";
		};
		9AA15102287C7E3E00DC4CED /* CalieTests */ = {
			isa = PBXGroup;
			children = (
				9AA150FB287C7D4800DC4CED /* DutchpayManagerTest.swift */,
				9AA1511C287DDD1E00DC4CED /* SampleManagerTest.swift */,
				9AA15113287C833000DC4CED /* CoreDataTestStack.swift */,
				9AA1511E287DDD3F00DC4CED /* SampleCoreDataTestStack.swift */,
			);
			path = CalieTests;
			sourceTree = "<group>";
		};
		9AC3CC572819922F00C9A37F /* Model */ = {
			isa = PBXGroup;
			children = (
				9AC3CC582819923D00C9A37F /* SampleModel.swift */,
			);
			name = Model;
			path = DutchPay;
			sourceTree = "<group>";
		};
		9AC3CC602819981500C9A37F /* Participants */ = {
			isa = PBXGroup;
			children = (
				9A1C85022815A865001020EF /* ParticipantsController.swift */,
				9AC3CC5E2819934200C9A37F /* ParticipantViewModel.swift */,
				9AC3CC5C2819931700C9A37F /* ParticipantCollectionViewCell.swift */,
				9AA150EE287203DF00DC4CED /* ParticipantsTableViewCell.swift */,
			);
			path = Participants;
			sourceTree = "<group>";
		};
		9AC3CC612819993D00C9A37F /* Trash */ = {
			isa = PBXGroup;
			children = (
				9AFB9504281EF5F200A9DEAA /* DutchCollectionCell.swift */,
				9A2DBBFC281F024200CF4E86 /* DutchCollectionHeader.swift */,
				9A2DBBFE281F02A600CF4E86 /* DutchFooter.swift */,
			);
			name = Trash;
			path = DutchPay;
			sourceTree = "<group>";
		};
		9AC3CC642819A90D00C9A37F /* AddingUnit */ = {
			isa = PBXGroup;
			children = (
				9AC3CC622819999C00C9A37F /* DutchUnitController.swift */,
				9A2DBC002820698F00CF4E86 /* PersonDetailCell.swift */,
				9A2DBC02282069AC00CF4E86 /* PersonDetailViewModel.swift */,
				9A2DBC322826DF6A00CF4E86 /* Tests */,
			);
			path = AddingUnit;
			sourceTree = "<group>";
		};
		9AD2FB2C2847D2B20075551B /* CoreHelpers */ = {
			isa = PBXGroup;
			children = (
				9AD2FB242847D24B0075551B /* Gathering+Helper.swift */,
				22F65E732845D08D00646FCD /* Group+Helper.swift */,
				9AD2FB262847D2610075551B /* DutchUnit+Helper.swift */,
				9AD2FB2A2847D2960075551B /* PersonDetail+Helper.swift */,
				22F65E772845D0AB00646FCD /* Person+Helper.swift */,
			);
			path = CoreHelpers;
			sourceTree = "<group>";
		};
		9AD2FB51285784D70075551B /* Dutch */ = {
			isa = PBXGroup;
			children = (
				9AD2FB53285785810075551B /* Group */,
				9AC3CC642819A90D00C9A37F /* AddingUnit */,
				9AC3CC602819981500C9A37F /* Participants */,
				9A1C85042815BAF6001020EF /* SubViews */,
				9AC3CC572819922F00C9A37F /* Model */,
				9A1C84FC2814EBD4001020EF /* DutchPay */,
			);
			path = Dutch;
			sourceTree = "<group>";
		};
		9AD2FB53285785810075551B /* Group */ = {
			isa = PBXGroup;
			children = (
				9AD2FB56285788020075551B /* GroupTableCell.swift */,
				9AD2FB5828578AC70075551B /* LayerController.swift */,
			);
			path = Group;
			sourceTree = "<group>";
		};
		9AF62EE526FF65CC00E183AB /* Services */ = {
			isa = PBXGroup;
			children = (
				9A083FDE24CCDC66001057D2 /* RealmService.swift */,
				9A5FFE5924DF101500681717 /* ReviewService.swift */,
				9AA5C43727186F5F0021975C /* AppUtility.swift */,
			);
			path = Services;
			sourceTree = "<group>";
		};
		9AF62EE626FF65ED00E183AB /* Constants */ = {
			isa = PBXGroup;
			children = (
				9A083FEA24CCDCA2001057D2 /* FontSizes.swift */,
				9AF62EFA2702145A00E183AB /* InputEnums.swift */,
				9AF62EE726FF660B00E183AB /* ImageConstants.swift */,
				9ACC0C7527DDB48900D18690 /* NotificationKey.swift */,
				9A083FE624CCDC90001057D2 /* ColorList.swift */,
				9AF62EE926FF665800E183AB /* RatioConstants.swift */,
				9AF62EEB26FF668A00E183AB /* TagConstants.swift */,
				9A083FE024CCDC72001057D2 /* LocalizedStringStorage.swift */,
				9A0DA01A24D3B2C2006BBE95 /* FrameSizes.swift */,
				9AF62EF827020C1A00E183AB /* ToastMessage.swift */,
			);
			path = Constants;
			sourceTree = "<group>";
		};
		9AF62EF12701C16A00E183AB /* Views */ = {
			isa = PBXGroup;
			children = (
				9A083FDC24CCDC3B001057D2 /* HistoryRecordCell.swift */,
				9AA5C431271701190021975C /* SettingsTableCell.swift */,
				9A7F1875271AC4EC00F71785 /* SettingsCollectionCell.swift */,
				9A7F1877271ACA0D00F71785 /* SettingsViewModel.swift */,
			);
			path = Views;
			sourceTree = "<group>";
		};
		E626D36DB9E65AF30BED8735 /* Pods */ = {
			isa = PBXGroup;
			children = (
				74E815B644FB9288D8FD3A96 /* Pods-Caliy.debug.xcconfig */,
				8FEA1691EE216580305789D6 /* Pods-Caliy.release.xcconfig */,
				07C795757253A50038B51B87 /* Pods-Caliy-CaliyUITests.debug.xcconfig */,
				6D6080807D27694976AE0BD9 /* Pods-Caliy-CaliyUITests.release.xcconfig */,
				817EBCDE9E6DD8F3CC12E86E /* Pods-CaliyTests.debug.xcconfig */,
				B60123ED03F0BE3CEBEE5AE0 /* Pods-CaliyTests.release.xcconfig */,
				2E410E853A6BD45D189BBA36 /* Pods-Calie.debug.xcconfig */,
				8FF7093DB210353C65FD753D /* Pods-Calie.release.xcconfig */,
				D3D424149A509BF40824BAB9 /* Pods-Calie-CalieUITests.debug.xcconfig */,
				C5ADC388C2C5E9C3462154D3 /* Pods-Calie-CalieUITests.release.xcconfig */,
				1B8DE3669B73C4EB83245CDD /* Pods-CalieTests.debug.xcconfig */,
				0B145D3A3D9F8409B180880B /* Pods-CalieTests.release.xcconfig */,
			);
			path = Pods;
			sourceTree = "<group>";
		};
/* End PBXGroup section */

/* Begin PBXNativeTarget section */
		9A083FA124CCD55D001057D2 /* Calie */ = {
			isa = PBXNativeTarget;
			buildConfigurationList = 9A083FCF24CCD55E001057D2 /* Build configuration list for PBXNativeTarget "Calie" */;
			buildPhases = (
				F8FBF747D87669628C9438C3 /* [CP] Check Pods Manifest.lock */,
				9A083F9E24CCD55D001057D2 /* Sources */,
				9A083F9F24CCD55D001057D2 /* Frameworks */,
				9A083FA024CCD55D001057D2 /* Resources */,
				5C48402F60720EB59771B472 /* [CP] Embed Pods Frameworks */,
			);
			buildRules = (
			);
			dependencies = (
			);
			name = Calie;
			productName = Caliy;
			productReference = 9A083FA224CCD55D001057D2 /* Calie.app */;
			productType = "com.apple.product-type.application";
		};
		9AA15100287C7E3E00DC4CED /* CalieTests */ = {
			isa = PBXNativeTarget;
			buildConfigurationList = 9AA15107287C7E3E00DC4CED /* Build configuration list for PBXNativeTarget "CalieTests" */;
			buildPhases = (
				9AA150FD287C7E3E00DC4CED /* Sources */,
				9AA150FE287C7E3E00DC4CED /* Frameworks */,
				9AA150FF287C7E3E00DC4CED /* Resources */,
			);
			buildRules = (
			);
			dependencies = (
				9AA15106287C7E3E00DC4CED /* PBXTargetDependency */,
			);
			name = CalieTests;
			productName = CalieTests;
			productReference = 9AA15101287C7E3E00DC4CED /* CalieTests.xctest */;
			productType = "com.apple.product-type.bundle.unit-test";
		};
/* End PBXNativeTarget section */

/* Begin PBXProject section */
		9A083F9A24CCD55D001057D2 /* Project object */ = {
			isa = PBXProject;
			attributes = {
				LastSwiftUpdateCheck = 1340;
				LastUpgradeCheck = 1210;
				ORGANIZATIONNAME = "Mac mini";
				TargetAttributes = {
					9A083FA124CCD55D001057D2 = {
						CreatedOnToolsVersion = 11.6;
					};
					9AA15100287C7E3E00DC4CED = {
						CreatedOnToolsVersion = 13.4.1;
						TestTargetID = 9A083FA124CCD55D001057D2;
					};
				};
			};
			buildConfigurationList = 9A083F9D24CCD55D001057D2 /* Build configuration list for PBXProject "Calie" */;
			compatibilityVersion = "Xcode 9.3";
			developmentRegion = en;
			hasScannedForEncodings = 0;
			knownRegions = (
				en,
				Base,
				ko,
			);
			mainGroup = 9A083F9924CCD55D001057D2;
			productRefGroup = 9A083FA324CCD55D001057D2 /* Products */;
			projectDirPath = "";
			projectRoot = "";
			targets = (
				9A083FA124CCD55D001057D2 /* Calie */,
				9AA15100287C7E3E00DC4CED /* CalieTests */,
			);
		};
/* End PBXProject section */

/* Begin PBXResourcesBuildPhase section */
		9A083FA024CCD55D001057D2 /* Resources */ = {
			isa = PBXResourcesBuildPhase;
			buildActionMask = 2147483647;
			files = (
				9A1C84F72814E3A6001020EF /* DutchpayMemo in Resources */,
				9AA150E9286A2C0B00DC4CED /* ToFix_Dutchpay in Resources */,
				9AA150EB2870D15700DC4CED /* GitInfo in Resources */,
				9A083FB524CCD55E001057D2 /* LaunchScreen.storyboard in Resources */,
				9A083FFD24CCDF6A001057D2 /* Localizable.strings in Resources */,
				9AF62EE426FF251900E183AB /* BaseVCMemo in Resources */,
				9A083FB224CCD55E001057D2 /* Assets.xcassets in Resources */,
			);
			runOnlyForDeploymentPostprocessing = 0;
		};
		9AA150FF287C7E3E00DC4CED /* Resources */ = {
			isa = PBXResourcesBuildPhase;
			buildActionMask = 2147483647;
			files = (
			);
			runOnlyForDeploymentPostprocessing = 0;
		};
/* End PBXResourcesBuildPhase section */

/* Begin PBXShellScriptBuildPhase section */
		5C48402F60720EB59771B472 /* [CP] Embed Pods Frameworks */ = {
			isa = PBXShellScriptBuildPhase;
			buildActionMask = 2147483647;
			files = (
			);
			inputFileListPaths = (
				"${PODS_ROOT}/Target Support Files/Pods-Calie/Pods-Calie-frameworks-${CONFIGURATION}-input-files.xcfilelist",
			);
			name = "[CP] Embed Pods Frameworks";
			outputFileListPaths = (
				"${PODS_ROOT}/Target Support Files/Pods-Calie/Pods-Calie-frameworks-${CONFIGURATION}-output-files.xcfilelist",
			);
			runOnlyForDeploymentPostprocessing = 0;
			shellPath = /bin/sh;
			shellScript = "\"${PODS_ROOT}/Target Support Files/Pods-Calie/Pods-Calie-frameworks.sh\"\n";
			showEnvVarsInLog = 0;
		};
		F8FBF747D87669628C9438C3 /* [CP] Check Pods Manifest.lock */ = {
			isa = PBXShellScriptBuildPhase;
			buildActionMask = 2147483647;
			files = (
			);
			inputFileListPaths = (
			);
			inputPaths = (
				"${PODS_PODFILE_DIR_PATH}/Podfile.lock",
				"${PODS_ROOT}/Manifest.lock",
			);
			name = "[CP] Check Pods Manifest.lock";
			outputFileListPaths = (
			);
			outputPaths = (
				"$(DERIVED_FILE_DIR)/Pods-Calie-checkManifestLockResult.txt",
			);
			runOnlyForDeploymentPostprocessing = 0;
			shellPath = /bin/sh;
			shellScript = "diff \"${PODS_PODFILE_DIR_PATH}/Podfile.lock\" \"${PODS_ROOT}/Manifest.lock\" > /dev/null\nif [ $? != 0 ] ; then\n    # print error to STDERR\n    echo \"error: The sandbox is not in sync with the Podfile.lock. Run 'pod install' or update your CocoaPods installation.\" >&2\n    exit 1\nfi\n# This output is used by Xcode 'outputs' to avoid re-running this script phase.\necho \"SUCCESS\" > \"${SCRIPT_OUTPUT_FILE_0}\"\n";
			showEnvVarsInLog = 0;
		};
/* End PBXShellScriptBuildPhase section */

/* Begin PBXSourcesBuildPhase section */
		9A083F9E24CCD55D001057D2 /* Sources */ = {
			isa = PBXSourcesBuildPhase;
			buildActionMask = 2147483647;
			files = (
				9AA5C43827186F5F0021975C /* AppUtility.swift in Sources */,
				9A083FE524CCDC88001057D2 /* UserDefaultSetup.swift in Sources */,
				9AD2FB232847CF3B0075551B /* Dutchpay.xcdatamodeld in Sources */,
				9AC3CC5D2819931700C9A37F /* ParticipantCollectionViewCell.swift in Sources */,
				9A083FD924CCDBDE001057D2 /* BaseViewController.swift in Sources */,
				9A1C85082815C5C7001020EF /* AttendingButton.swift in Sources */,
				9AD2FB272847D2610075551B /* DutchUnit+Helper.swift in Sources */,
				22F65E742845D08D00646FCD /* Group+Helper.swift in Sources */,
				9AD2FB57285788020075551B /* GroupTableCell.swift in Sources */,
				9A083FEF24CCDCB4001057D2 /* UIView+Ext.swift in Sources */,
				9A2DBC09282181E800CF4E86 /* NumberButton.swift in Sources */,
				9A083FED24CCDCAB001057D2 /* UIViewController+Ext.swift in Sources */,
				9A083FE724CCDC90001057D2 /* ColorList.swift in Sources */,
				9AF62EFB2702145A00E183AB /* InputEnums.swift in Sources */,
				9A1C84FB2814E822001020EF /* PersistenceController.swift in Sources */,
				9AA1510E287C7EE800DC4CED /* DutchpayManager.swift in Sources */,
				9AF62EEA26FF665800E183AB /* RatioConstants.swift in Sources */,
				9A2DBC34282822C600CF4E86 /* MyAlert.swift in Sources */,
				9AC3CC5F2819934200C9A37F /* ParticipantViewModel.swift in Sources */,
				9A083FE124CCDC72001057D2 /* LocalizedStringStorage.swift in Sources */,
				9AA5C43627186A9D0021975C /* MVCSampleCode.swift in Sources */,
				9ACC0C7627DDB48900D18690 /* NotificationKey.swift in Sources */,
				9AA15119287DDC2300DC4CED /* SampleManager.swift in Sources */,
				9AA1511B287DDC4000DC4CED /* SampleCoreDataStack.swift in Sources */,
				22F65E782845D0AB00646FCD /* Person+Helper.swift in Sources */,
				9A2DBBFF281F02A600CF4E86 /* DutchFooter.swift in Sources */,
				E53B7718282790B7001C0CCE /* IntExt+.swift in Sources */,
				9A5FFE5A24DF101500681717 /* ReviewService.swift in Sources */,
				9A083FF124CCDCC3001057D2 /* UIDevice+Ext.swift in Sources */,
				9A2DBC052820717200CF4E86 /* PriceTextField.swift in Sources */,
				9A07FF3F280DC9C2007110D8 /* DutchpayController.swift in Sources */,
				9A083FE324CCDC7B001057D2 /* HistoryRecord.swift in Sources */,
				9A083FDF24CCDC66001057D2 /* RealmService.swift in Sources */,
				9A2DBC012820698F00CF4E86 /* PersonDetailCell.swift in Sources */,
				9AC3CC632819999C00C9A37F /* DutchUnitController.swift in Sources */,
				9A0DA01B24D3B2C2006BBE95 /* FrameSizes.swift in Sources */,
				9A4FD3C126A7AD9800593358 /* Extensions.swift in Sources */,
				9AC3CC592819923D00C9A37F /* SampleModel.swift in Sources */,
				9A083FA624CCD55D001057D2 /* AppDelegate.swift in Sources */,
				9A1C85062815BB0F001020EF /* GroupButton.swift in Sources */,
				9AD2FB2B2847D2960075551B /* PersonDetail+Helper.swift in Sources */,
				9AD2FB5928578AC70075551B /* LayerController.swift in Sources */,
				E53B76F42823C8AA001C0CCE /* UIScreenExt+.swift in Sources */,
				9AD2FB2E284FC4030075551B /* NumberLayerController.swift in Sources */,
				9AFB9507281EF60500A9DEAA /* DutchUnitTableViewModel.swift in Sources */,
				9A2DBC0728217E2500CF4E86 /* CustomNumberPadController.swift in Sources */,
				9AA5C432271701190021975C /* SettingsTableCell.swift in Sources */,
				9AA15110287C7F1C00DC4CED /* CoreDataStack.swift in Sources */,
				9A2DBBFD281F024200CF4E86 /* DutchCollectionHeader.swift in Sources */,
				9A2DBC0D28258DF400CF4E86 /* SelectableButton.swift in Sources */,
				9AA5C434271701FD0021975C /* SettingsSection.swift in Sources */,
				9AF62EE826FF660B00E183AB /* ImageConstants.swift in Sources */,
				9A4FD3BF26A7A86300593358 /* ButtonTag.swift in Sources */,
				9A1C85032815A865001020EF /* ParticipantsController.swift in Sources */,
				9A083FA824CCD55D001057D2 /* SceneDelegate.swift in Sources */,
				E53B7716282790AB001C0CCE /* StringExt+.swift in Sources */,
				9A083FDB24CCDC22001057D2 /* HistoryRecordVC.swift in Sources */,
				9A7F1878271ACA0D00F71785 /* SettingsViewModel.swift in Sources */,
				9A2DBC312826DCDF00CF4E86 /* CollectionTestViewController.swift in Sources */,
				9AA150EF287203DF00DC4CED /* ParticipantsTableViewCell.swift in Sources */,
				9AF62EF72702051B00E183AB /* BasicCalculator.swift in Sources */,
				9AD2FB252847D24B0075551B /* Gathering+Helper.swift in Sources */,
				9A083FEB24CCDCA2001057D2 /* FontSizes.swift in Sources */,
				9AA5C4302716FE320021975C /* SettingsViewController.swift in Sources */,
				9A2DBC03282069AC00CF4E86 /* PersonDetailViewModel.swift in Sources */,
				9AD2FB30284FD8D70075551B /* NeedingController.swift in Sources */,
				9AA5C42E2716FDB20021975C /* MainTabController.swift in Sources */,
				9A7F1876271AC4EC00F71785 /* SettingsCollectionCell.swift in Sources */,
				9AD2FB55285787770075551B /* DutchTableCell.swift in Sources */,
				9A2DBC2F2826DBB400CF4E86 /* PersonDetailTestCell.swift in Sources */,
				9AFB9505281EF5F200A9DEAA /* DutchCollectionCell.swift in Sources */,
				9AF62EEC26FF668A00E183AB /* TagConstants.swift in Sources */,
				9AF62EF927020C1A00E183AB /* ToastMessage.swift in Sources */,
				9AA15117287DDBE700DC4CED /* SampleModel.xcdatamodeld in Sources */,
				9AA150F1287A91D400DC4CED /* SideViewController.swift in Sources */,
				9A2DBC0B28258CB200CF4E86 /* ColorExt+.swift in Sources */,
				9A083FDD24CCDC3B001057D2 /* HistoryRecordCell.swift in Sources */,
				9A1C85012815A733001020EF /* BasicCalc.xcdatamodeld in Sources */,
			);
			runOnlyForDeploymentPostprocessing = 0;
		};
		9AA150FD287C7E3E00DC4CED /* Sources */ = {
			isa = PBXSourcesBuildPhase;
			buildActionMask = 2147483647;
			files = (
				9AA1511D287DDD1E00DC4CED /* SampleManagerTest.swift in Sources */,
				9AA1510A287C7E9700DC4CED /* DutchpayManagerTest.swift in Sources */,
				9AA15114287C833000DC4CED /* CoreDataTestStack.swift in Sources */,
				9AA1511F287DDD3F00DC4CED /* SampleCoreDataTestStack.swift in Sources */,
			);
			runOnlyForDeploymentPostprocessing = 0;
		};
/* End PBXSourcesBuildPhase section */

/* Begin PBXTargetDependency section */
		9AA15106287C7E3E00DC4CED /* PBXTargetDependency */ = {
			isa = PBXTargetDependency;
			target = 9A083FA124CCD55D001057D2 /* Calie */;
			targetProxy = 9AA15105287C7E3E00DC4CED /* PBXContainerItemProxy */;
		};
/* End PBXTargetDependency section */

/* Begin PBXVariantGroup section */
		9A083FB324CCD55E001057D2 /* LaunchScreen.storyboard */ = {
			isa = PBXVariantGroup;
			children = (
				9A083FB424CCD55E001057D2 /* Base */,
				9A083FF724CCDE53001057D2 /* ko */,
			);
			name = LaunchScreen.storyboard;
			sourceTree = "<group>";
		};
		9A083FFF24CCDF6A001057D2 /* Localizable.strings */ = {
			isa = PBXVariantGroup;
			children = (
				9A083FFE24CCDF6A001057D2 /* en */,
				9A08400024CCDF6E001057D2 /* ko */,
			);
			name = Localizable.strings;
			sourceTree = "<group>";
		};
/* End PBXVariantGroup section */

/* Begin XCBuildConfiguration section */
		9A083FCD24CCD55E001057D2 /* Debug */ = {
			isa = XCBuildConfiguration;
			buildSettings = {
				ALWAYS_SEARCH_USER_PATHS = NO;
				CLANG_ANALYZER_LOCALIZABILITY_NONLOCALIZED = YES;
				CLANG_ANALYZER_NONNULL = YES;
				CLANG_ANALYZER_NUMBER_OBJECT_CONVERSION = YES_AGGRESSIVE;
				CLANG_CXX_LANGUAGE_STANDARD = "gnu++14";
				CLANG_CXX_LIBRARY = "libc++";
				CLANG_ENABLE_MODULES = YES;
				CLANG_ENABLE_OBJC_ARC = YES;
				CLANG_ENABLE_OBJC_WEAK = YES;
				CLANG_WARN_BLOCK_CAPTURE_AUTORELEASING = YES;
				CLANG_WARN_BOOL_CONVERSION = YES;
				CLANG_WARN_COMMA = YES;
				CLANG_WARN_CONSTANT_CONVERSION = YES;
				CLANG_WARN_DEPRECATED_OBJC_IMPLEMENTATIONS = YES;
				CLANG_WARN_DIRECT_OBJC_ISA_USAGE = YES_ERROR;
				CLANG_WARN_DOCUMENTATION_COMMENTS = YES;
				CLANG_WARN_EMPTY_BODY = YES;
				CLANG_WARN_ENUM_CONVERSION = YES;
				CLANG_WARN_INFINITE_RECURSION = YES;
				CLANG_WARN_INT_CONVERSION = YES;
				CLANG_WARN_NON_LITERAL_NULL_CONVERSION = YES;
				CLANG_WARN_OBJC_IMPLICIT_RETAIN_SELF = YES;
				CLANG_WARN_OBJC_LITERAL_CONVERSION = YES;
				CLANG_WARN_OBJC_ROOT_CLASS = YES_ERROR;
				CLANG_WARN_QUOTED_INCLUDE_IN_FRAMEWORK_HEADER = YES;
				CLANG_WARN_RANGE_LOOP_ANALYSIS = YES;
				CLANG_WARN_STRICT_PROTOTYPES = YES;
				CLANG_WARN_SUSPICIOUS_MOVE = YES;
				CLANG_WARN_UNGUARDED_AVAILABILITY = YES_AGGRESSIVE;
				CLANG_WARN_UNREACHABLE_CODE = YES;
				CLANG_WARN__DUPLICATE_METHOD_MATCH = YES;
				COPY_PHASE_STRIP = NO;
				DEBUG_INFORMATION_FORMAT = dwarf;
				ENABLE_STRICT_OBJC_MSGSEND = YES;
				ENABLE_TESTABILITY = YES;
				GCC_C_LANGUAGE_STANDARD = gnu11;
				GCC_DYNAMIC_NO_PIC = NO;
				GCC_NO_COMMON_BLOCKS = YES;
				GCC_OPTIMIZATION_LEVEL = 0;
				GCC_PREPROCESSOR_DEFINITIONS = (
					"DEBUG=1",
					"$(inherited)",
				);
				GCC_WARN_64_TO_32_BIT_CONVERSION = YES;
				GCC_WARN_ABOUT_RETURN_TYPE = YES_ERROR;
				GCC_WARN_UNDECLARED_SELECTOR = YES;
				GCC_WARN_UNINITIALIZED_AUTOS = YES_AGGRESSIVE;
				GCC_WARN_UNUSED_FUNCTION = YES;
				GCC_WARN_UNUSED_VARIABLE = YES;
				IPHONEOS_DEPLOYMENT_TARGET = 14.0;
				MTL_ENABLE_DEBUG_INFO = INCLUDE_SOURCE;
				MTL_FAST_MATH = YES;
				ONLY_ACTIVE_ARCH = YES;
				SDKROOT = iphoneos;
				SWIFT_ACTIVE_COMPILATION_CONDITIONS = DEBUG;
				SWIFT_OPTIMIZATION_LEVEL = "-Onone";
			};
			name = Debug;
		};
		9A083FCE24CCD55E001057D2 /* Release */ = {
			isa = XCBuildConfiguration;
			buildSettings = {
				ALWAYS_SEARCH_USER_PATHS = NO;
				CLANG_ANALYZER_LOCALIZABILITY_NONLOCALIZED = YES;
				CLANG_ANALYZER_NONNULL = YES;
				CLANG_ANALYZER_NUMBER_OBJECT_CONVERSION = YES_AGGRESSIVE;
				CLANG_CXX_LANGUAGE_STANDARD = "gnu++14";
				CLANG_CXX_LIBRARY = "libc++";
				CLANG_ENABLE_MODULES = YES;
				CLANG_ENABLE_OBJC_ARC = YES;
				CLANG_ENABLE_OBJC_WEAK = YES;
				CLANG_WARN_BLOCK_CAPTURE_AUTORELEASING = YES;
				CLANG_WARN_BOOL_CONVERSION = YES;
				CLANG_WARN_COMMA = YES;
				CLANG_WARN_CONSTANT_CONVERSION = YES;
				CLANG_WARN_DEPRECATED_OBJC_IMPLEMENTATIONS = YES;
				CLANG_WARN_DIRECT_OBJC_ISA_USAGE = YES_ERROR;
				CLANG_WARN_DOCUMENTATION_COMMENTS = YES;
				CLANG_WARN_EMPTY_BODY = YES;
				CLANG_WARN_ENUM_CONVERSION = YES;
				CLANG_WARN_INFINITE_RECURSION = YES;
				CLANG_WARN_INT_CONVERSION = YES;
				CLANG_WARN_NON_LITERAL_NULL_CONVERSION = YES;
				CLANG_WARN_OBJC_IMPLICIT_RETAIN_SELF = YES;
				CLANG_WARN_OBJC_LITERAL_CONVERSION = YES;
				CLANG_WARN_OBJC_ROOT_CLASS = YES_ERROR;
				CLANG_WARN_QUOTED_INCLUDE_IN_FRAMEWORK_HEADER = YES;
				CLANG_WARN_RANGE_LOOP_ANALYSIS = YES;
				CLANG_WARN_STRICT_PROTOTYPES = YES;
				CLANG_WARN_SUSPICIOUS_MOVE = YES;
				CLANG_WARN_UNGUARDED_AVAILABILITY = YES_AGGRESSIVE;
				CLANG_WARN_UNREACHABLE_CODE = YES;
				CLANG_WARN__DUPLICATE_METHOD_MATCH = YES;
				COPY_PHASE_STRIP = NO;
				DEBUG_INFORMATION_FORMAT = "dwarf-with-dsym";
				ENABLE_NS_ASSERTIONS = NO;
				ENABLE_STRICT_OBJC_MSGSEND = YES;
				GCC_C_LANGUAGE_STANDARD = gnu11;
				GCC_NO_COMMON_BLOCKS = YES;
				GCC_WARN_64_TO_32_BIT_CONVERSION = YES;
				GCC_WARN_ABOUT_RETURN_TYPE = YES_ERROR;
				GCC_WARN_UNDECLARED_SELECTOR = YES;
				GCC_WARN_UNINITIALIZED_AUTOS = YES_AGGRESSIVE;
				GCC_WARN_UNUSED_FUNCTION = YES;
				GCC_WARN_UNUSED_VARIABLE = YES;
				IPHONEOS_DEPLOYMENT_TARGET = 14.0;
				MTL_ENABLE_DEBUG_INFO = NO;
				MTL_FAST_MATH = YES;
				SDKROOT = iphoneos;
				SWIFT_COMPILATION_MODE = wholemodule;
				SWIFT_OPTIMIZATION_LEVEL = "-O";
				VALIDATE_PRODUCT = YES;
			};
			name = Release;
		};
		9A083FD024CCD55E001057D2 /* Debug */ = {
			isa = XCBuildConfiguration;
			baseConfigurationReference = 2E410E853A6BD45D189BBA36 /* Pods-Calie.debug.xcconfig */;
			buildSettings = {
				ASSETCATALOG_COMPILER_APPICON_NAME = AppIcon;
				CODE_SIGN_STYLE = Automatic;
				CURRENT_PROJECT_VERSION = 1;
				DEVELOPMENT_TEAM = F23GD77ZRK;
				INFOPLIST_FILE = Calie/Info.plist;
				IPHONEOS_DEPLOYMENT_TARGET = 14.1;
				LD_RUNPATH_SEARCH_PATHS = (
					"$(inherited)",
					"@executable_path/Frameworks",
				);
				MARKETING_VERSION = 1.2.1;
				PRODUCT_BUNDLE_IDENTIFIER = "hanmok-main.CaliytheLast";
				PRODUCT_NAME = "$(TARGET_NAME)";
				SWIFT_VERSION = 5.0;
				TARGETED_DEVICE_FAMILY = "1,2";
			};
			name = Debug;
		};
		9A083FD124CCD55E001057D2 /* Release */ = {
			isa = XCBuildConfiguration;
			baseConfigurationReference = 8FF7093DB210353C65FD753D /* Pods-Calie.release.xcconfig */;
			buildSettings = {
				ASSETCATALOG_COMPILER_APPICON_NAME = AppIcon;
				CODE_SIGN_STYLE = Automatic;
				CURRENT_PROJECT_VERSION = 1;
				DEVELOPMENT_TEAM = F23GD77ZRK;
				INFOPLIST_FILE = Calie/Info.plist;
				IPHONEOS_DEPLOYMENT_TARGET = 14.1;
				LD_RUNPATH_SEARCH_PATHS = (
					"$(inherited)",
					"@executable_path/Frameworks",
				);
				MARKETING_VERSION = 1.2.1;
				PRODUCT_BUNDLE_IDENTIFIER = "hanmok-main.CaliytheLast";
				PRODUCT_NAME = "$(TARGET_NAME)";
				SWIFT_VERSION = 5.0;
				TARGETED_DEVICE_FAMILY = "1,2";
			};
			name = Release;
		};
		9AA15108287C7E3E00DC4CED /* Debug */ = {
			isa = XCBuildConfiguration;
			buildSettings = {
				BUNDLE_LOADER = "$(TEST_HOST)";
				CLANG_CXX_LANGUAGE_STANDARD = "gnu++17";
				CODE_SIGN_STYLE = Automatic;
				CURRENT_PROJECT_VERSION = 1;
				DEVELOPMENT_TEAM = F23GD77ZRK;
				GENERATE_INFOPLIST_FILE = YES;
				IPHONEOS_DEPLOYMENT_TARGET = 15.5;
				MARKETING_VERSION = 1.0;
				PRODUCT_BUNDLE_IDENTIFIER = "hanmok-main.CalieTests";
				PRODUCT_NAME = "$(TARGET_NAME)";
				SWIFT_EMIT_LOC_STRINGS = NO;
				SWIFT_VERSION = 5.0;
				TARGETED_DEVICE_FAMILY = "1,2";
				TEST_HOST = "$(BUILT_PRODUCTS_DIR)/Calie.app/Calie";
			};
			name = Debug;
		};
		9AA15109287C7E3E00DC4CED /* Release */ = {
			isa = XCBuildConfiguration;
			buildSettings = {
				BUNDLE_LOADER = "$(TEST_HOST)";
				CLANG_CXX_LANGUAGE_STANDARD = "gnu++17";
				CODE_SIGN_STYLE = Automatic;
				CURRENT_PROJECT_VERSION = 1;
				DEVELOPMENT_TEAM = F23GD77ZRK;
				GENERATE_INFOPLIST_FILE = YES;
				IPHONEOS_DEPLOYMENT_TARGET = 15.5;
				MARKETING_VERSION = 1.0;
				PRODUCT_BUNDLE_IDENTIFIER = "hanmok-main.CalieTests";
				PRODUCT_NAME = "$(TARGET_NAME)";
				SWIFT_EMIT_LOC_STRINGS = NO;
				SWIFT_VERSION = 5.0;
				TARGETED_DEVICE_FAMILY = "1,2";
				TEST_HOST = "$(BUILT_PRODUCTS_DIR)/Calie.app/Calie";
			};
			name = Release;
		};
/* End XCBuildConfiguration section */

/* Begin XCConfigurationList section */
		9A083F9D24CCD55D001057D2 /* Build configuration list for PBXProject "Calie" */ = {
			isa = XCConfigurationList;
			buildConfigurations = (
				9A083FCD24CCD55E001057D2 /* Debug */,
				9A083FCE24CCD55E001057D2 /* Release */,
			);
			defaultConfigurationIsVisible = 0;
			defaultConfigurationName = Release;
		};
		9A083FCF24CCD55E001057D2 /* Build configuration list for PBXNativeTarget "Calie" */ = {
			isa = XCConfigurationList;
			buildConfigurations = (
				9A083FD024CCD55E001057D2 /* Debug */,
				9A083FD124CCD55E001057D2 /* Release */,
			);
			defaultConfigurationIsVisible = 0;
			defaultConfigurationName = Release;
		};
		9AA15107287C7E3E00DC4CED /* Build configuration list for PBXNativeTarget "CalieTests" */ = {
			isa = XCConfigurationList;
			buildConfigurations = (
				9AA15108287C7E3E00DC4CED /* Debug */,
				9AA15109287C7E3E00DC4CED /* Release */,
			);
			defaultConfigurationIsVisible = 0;
			defaultConfigurationName = Release;
		};
/* End XCConfigurationList section */

/* Begin XCVersionGroup section */
		9A1C84FF2815A733001020EF /* BasicCalc.xcdatamodeld */ = {
			isa = XCVersionGroup;
			children = (
				9A1C85002815A733001020EF /* BasicCalc.xcdatamodel */,
			);
			currentVersion = 9A1C85002815A733001020EF /* BasicCalc.xcdatamodel */;
			path = BasicCalc.xcdatamodeld;
			sourceTree = "<group>";
			versionGroupType = wrapper.xcdatamodel;
		};
		9AA15115287DDBE700DC4CED /* SampleModel.xcdatamodeld */ = {
			isa = XCVersionGroup;
			children = (
				9AA15116287DDBE700DC4CED /* SampleModel.xcdatamodel */,
			);
			currentVersion = 9AA15116287DDBE700DC4CED /* SampleModel.xcdatamodel */;
			path = SampleModel.xcdatamodeld;
			sourceTree = "<group>";
			versionGroupType = wrapper.xcdatamodel;
		};
		9AD2FB212847CF3B0075551B /* Dutchpay.xcdatamodeld */ = {
			isa = XCVersionGroup;
			children = (
				9AD2FB222847CF3B0075551B /* Dutchpay2.xcdatamodel */,
			);
			currentVersion = 9AD2FB222847CF3B0075551B /* Dutchpay2.xcdatamodel */;
			path = Dutchpay.xcdatamodeld;
			sourceTree = "<group>";
			versionGroupType = wrapper.xcdatamodel;
		};
/* End XCVersionGroup section */
	};
	rootObject = 9A083F9A24CCD55D001057D2 /* Project object */;
}
